
Microsoft Visual Studio Solution File, Format Version 12.00
# Visual Studio Version 17
VisualStudioVersion = 17.7.34024.191
MinimumVisualStudioVersion = 10.0.40219.1
Project("{8BC9CEB8-8B4A-11D0-8D11-00A0C91BC942}") = "Задание2_1", "Задание2_1.vcxproj", "{668A4C04-6A2E-4CD6-BFE0-7FD2C2D819AB}"
EndProject
Project("{8BC9CEB8-8B4A-11D0-8D11-00A0C91BC942}") = "Задание2_2", "..\Задание2_2\Задание2_2.vcxproj", "{FC285730-DB5B-4289-85AF-FC7945575E6E}"
EndProject
Project("{8BC9CEB8-8B4A-11D0-8D11-00A0C91BC942}") = "Задание 2_3", "..\Задание 2_3\Задание 2_3.vcxproj", "{D4AE7BE9-7A19-4C4E-9602-73438FE9431B}"
EndProject
Project("{8BC9CEB8-8B4A-11D0-8D11-00A0C91BC942}") = "Задание 2_4", "..\Задание 2_4\Задание 2_4.vcxproj", "{DC378D9B-BBD5-4877-B927-1685CC151673}"
EndProject
Project("{8BC9CEB8-8B4A-11D0-8D11-00A0C91BC942}") = "Задание2_5", "..\Задание2_5\Задание2_5.vcxproj", "{A5DD735A-CDFC-44A2-A805-C4DD75C42046}"
EndProject
Project("{8BC9CEB8-8B4A-11D0-8D11-00A0C91BC942}") = "Задание2_4(2)", "..\Задание2_4(2)\Задание2_4(2).vcxproj", "{224699CD-BFFB-4918-8C62-B914E7C2B515}"
EndProject
Project("{8BC9CEB8-8B4A-11D0-8D11-00A0C91BC942}") = "Задание 2_6", "..\Задание 2_6\Задание 2_6.vcxproj", "{16D056F2-4C2E-4E58-B4D9-36DA194216EC}"
EndProject
Project("{8BC9CEB8-8B4A-11D0-8D11-00A0C91BC942}") = "Задание2_7", "..\Задание2_7\Задание2_7.vcxproj", "{5454D3A4-6F4D-4D1E-BA1C-4AF29A39AB2C}"
EndProject
Project("{8BC9CEB8-8B4A-11D0-8D11-00A0C91BC942}") = "Задание2_8", "..\Задание2_8\Задание2_8.vcxproj", "{145B7ECE-D7C2-46B4-863C-56B0D9DD54D1}"
EndProject
Project("{8BC9CEB8-8B4A-11D0-8D11-00A0C91BC942}") = "2_8(2)", "..\2_8(2)\2_8(2).vcxproj", "{E0CF4CF8-A2DD-43E5-849E-A89ACCDBB8F0}"
EndProject
Project("{8BC9CEB8-8B4A-11D0-8D11-00A0C91BC942}") = "2_8(3)", "..\2_8(3)\2_8(3).vcxproj", "{B362764C-664F-433B-8C43-595C3550EC1C}"
EndProject
Project("{8BC9CEB8-8B4A-11D0-8D11-00A0C91BC942}") = "Задание2_9", "..\Задание2_9\Задание2_9.vcxproj", "{113C21B2-0538-4669-8360-5D7F12950C93}"
EndProject
Project("{8BC9CEB8-8B4A-11D0-8D11-00A0C91BC942}") = "Задание2_10", "..\Задание2_10\Задание2_10.vcxproj", "{3BDA6312-FDD9-4414-9E0D-1D9FA7B2A0B4}"
EndProject
Project("{8BC9CEB8-8B4A-11D0-8D11-00A0C91BC942}") = "Задание2_11", "..\Задание2_11\Задание2_11.vcxproj", "{44E41459-441A-4E78-8947-60EE8F6C776B}"
EndProject
Project("{8BC9CEB8-8B4A-11D0-8D11-00A0C91BC942}") = "Задание2_12", "..\Задание2_12\Задание2_12.vcxproj", "{9379F33C-5105-4245-831C-80E9DF34CB2A}"
EndProject
Project("{8BC9CEB8-8B4A-11D0-8D11-00A0C91BC942}") = "Задание2_13", "..\Задание2_13\Задание2_13.vcxproj", "{FA6669A2-E7EE-4A39-9018-4EF5F1B4A7CA}"
EndProject
Project("{8BC9CEB8-8B4A-11D0-8D11-00A0C91BC942}") = "Задание2_14", "..\Задание2_14\Задание2_14.vcxproj", "{5197FEA6-45F0-4807-B73F-6EDDB60984BD}"
EndProject
Global
	GlobalSection(SolutionConfigurationPlatforms) = preSolution
		Debug|x64 = Debug|x64
		Debug|x86 = Debug|x86
		Release|x64 = Release|x64
		Release|x86 = Release|x86
	EndGlobalSection
	GlobalSection(ProjectConfigurationPlatforms) = postSolution
		{668A4C04-6A2E-4CD6-BFE0-7FD2C2D819AB}.Debug|x64.ActiveCfg = Debug|x64
		{668A4C04-6A2E-4CD6-BFE0-7FD2C2D819AB}.Debug|x64.Build.0 = Debug|x64
		{668A4C04-6A2E-4CD6-BFE0-7FD2C2D819AB}.Debug|x86.ActiveCfg = Debug|Win32
		{668A4C04-6A2E-4CD6-BFE0-7FD2C2D819AB}.Debug|x86.Build.0 = Debug|Win32
		{668A4C04-6A2E-4CD6-BFE0-7FD2C2D819AB}.Release|x64.ActiveCfg = Release|x64
		{668A4C04-6A2E-4CD6-BFE0-7FD2C2D819AB}.Release|x64.Build.0 = Release|x64
		{668A4C04-6A2E-4CD6-BFE0-7FD2C2D819AB}.Release|x86.ActiveCfg = Release|Win32
		{668A4C04-6A2E-4CD6-BFE0-7FD2C2D819AB}.Release|x86.Build.0 = Release|Win32
		{FC285730-DB5B-4289-85AF-FC7945575E6E}.Debug|x64.ActiveCfg = Debug|x64
		{FC285730-DB5B-4289-85AF-FC7945575E6E}.Debug|x64.Build.0 = Debug|x64
		{FC285730-DB5B-4289-85AF-FC7945575E6E}.Debug|x86.ActiveCfg = Debug|Win32
		{FC285730-DB5B-4289-85AF-FC7945575E6E}.Debug|x86.Build.0 = Debug|Win32
		{FC285730-DB5B-4289-85AF-FC7945575E6E}.Release|x64.ActiveCfg = Release|x64
		{FC285730-DB5B-4289-85AF-FC7945575E6E}.Release|x64.Build.0 = Release|x64
		{FC285730-DB5B-4289-85AF-FC7945575E6E}.Release|x86.ActiveCfg = Release|Win32
		{FC285730-DB5B-4289-85AF-FC7945575E6E}.Release|x86.Build.0 = Release|Win32
		{D4AE7BE9-7A19-4C4E-9602-73438FE9431B}.Debug|x64.ActiveCfg = Debug|x64
		{D4AE7BE9-7A19-4C4E-9602-73438FE9431B}.Debug|x64.Build.0 = Debug|x64
		{D4AE7BE9-7A19-4C4E-9602-73438FE9431B}.Debug|x86.ActiveCfg = Debug|Win32
		{D4AE7BE9-7A19-4C4E-9602-73438FE9431B}.Debug|x86.Build.0 = Debug|Win32
		{D4AE7BE9-7A19-4C4E-9602-73438FE9431B}.Release|x64.ActiveCfg = Release|x64
		{D4AE7BE9-7A19-4C4E-9602-73438FE9431B}.Release|x64.Build.0 = Release|x64
		{D4AE7BE9-7A19-4C4E-9602-73438FE9431B}.Release|x86.ActiveCfg = Release|Win32
		{D4AE7BE9-7A19-4C4E-9602-73438FE9431B}.Release|x86.Build.0 = Release|Win32
		{DC378D9B-BBD5-4877-B927-1685CC151673}.Debug|x64.ActiveCfg = Debug|x64
		{DC378D9B-BBD5-4877-B927-1685CC151673}.Debug|x64.Build.0 = Debug|x64
		{DC378D9B-BBD5-4877-B927-1685CC151673}.Debug|x86.ActiveCfg = Debug|Win32
		{DC378D9B-BBD5-4877-B927-1685CC151673}.Debug|x86.Build.0 = Debug|Win32
		{DC378D9B-BBD5-4877-B927-1685CC151673}.Release|x64.ActiveCfg = Release|x64
		{DC378D9B-BBD5-4877-B927-1685CC151673}.Release|x64.Build.0 = Release|x64
		{DC378D9B-BBD5-4877-B927-1685CC151673}.Release|x86.ActiveCfg = Release|Win32
		{DC378D9B-BBD5-4877-B927-1685CC151673}.Release|x86.Build.0 = Release|Win32
		{A5DD735A-CDFC-44A2-A805-C4DD75C42046}.Debug|x64.ActiveCfg = Debug|x64
		{A5DD735A-CDFC-44A2-A805-C4DD75C42046}.Debug|x64.Build.0 = Debug|x64
		{A5DD735A-CDFC-44A2-A805-C4DD75C42046}.Debug|x86.ActiveCfg = Debug|Win32
		{A5DD735A-CDFC-44A2-A805-C4DD75C42046}.Debug|x86.Build.0 = Debug|Win32
		{A5DD735A-CDFC-44A2-A805-C4DD75C42046}.Release|x64.ActiveCfg = Release|x64
		{A5DD735A-CDFC-44A2-A805-C4DD75C42046}.Release|x64.Build.0 = Release|x64
		{A5DD735A-CDFC-44A2-A805-C4DD75C42046}.Release|x86.ActiveCfg = Release|Win32
		{A5DD735A-CDFC-44A2-A805-C4DD75C42046}.Release|x86.Build.0 = Release|Win32
		{224699CD-BFFB-4918-8C62-B914E7C2B515}.Debug|x64.ActiveCfg = Debug|x64
		{224699CD-BFFB-4918-8C62-B914E7C2B515}.Debug|x64.Build.0 = Debug|x64
		{224699CD-BFFB-4918-8C62-B914E7C2B515}.Debug|x86.ActiveCfg = Debug|Win32
		{224699CD-BFFB-4918-8C62-B914E7C2B515}.Debug|x86.Build.0 = Debug|Win32
		{224699CD-BFFB-4918-8C62-B914E7C2B515}.Release|x64.ActiveCfg = Release|x64
		{224699CD-BFFB-4918-8C62-B914E7C2B515}.Release|x64.Build.0 = Release|x64
		{224699CD-BFFB-4918-8C62-B914E7C2B515}.Release|x86.ActiveCfg = Release|Win32
		{224699CD-BFFB-4918-8C62-B914E7C2B515}.Release|x86.Build.0 = Release|Win32
		{16D056F2-4C2E-4E58-B4D9-36DA194216EC}.Debug|x64.ActiveCfg = Debug|x64
		{16D056F2-4C2E-4E58-B4D9-36DA194216EC}.Debug|x64.Build.0 = Debug|x64
		{16D056F2-4C2E-4E58-B4D9-36DA194216EC}.Debug|x86.ActiveCfg = Debug|Win32
		{16D056F2-4C2E-4E58-B4D9-36DA194216EC}.Debug|x86.Build.0 = Debug|Win32
		{16D056F2-4C2E-4E58-B4D9-36DA194216EC}.Release|x64.ActiveCfg = Release|x64
		{16D056F2-4C2E-4E58-B4D9-36DA194216EC}.Release|x64.Build.0 = Release|x64
		{16D056F2-4C2E-4E58-B4D9-36DA194216EC}.Release|x86.ActiveCfg = Release|Win32
		{16D056F2-4C2E-4E58-B4D9-36DA194216EC}.Release|x86.Build.0 = Release|Win32
		{5454D3A4-6F4D-4D1E-BA1C-4AF29A39AB2C}.Debug|x64.ActiveCfg = Debug|x64
		{5454D3A4-6F4D-4D1E-BA1C-4AF29A39AB2C}.Debug|x64.Build.0 = Debug|x64
		{5454D3A4-6F4D-4D1E-BA1C-4AF29A39AB2C}.Debug|x86.ActiveCfg = Debug|Win32
		{5454D3A4-6F4D-4D1E-BA1C-4AF29A39AB2C}.Debug|x86.Build.0 = Debug|Win32
		{5454D3A4-6F4D-4D1E-BA1C-4AF29A39AB2C}.Release|x64.ActiveCfg = Release|x64
		{5454D3A4-6F4D-4D1E-BA1C-4AF29A39AB2C}.Release|x64.Build.0 = Release|x64
		{5454D3A4-6F4D-4D1E-BA1C-4AF29A39AB2C}.Release|x86.ActiveCfg = Release|Win32
		{5454D3A4-6F4D-4D1E-BA1C-4AF29A39AB2C}.Release|x86.Build.0 = Release|Win32
		{145B7ECE-D7C2-46B4-863C-56B0D9DD54D1}.Debug|x64.ActiveCfg = Debug|x64
		{145B7ECE-D7C2-46B4-863C-56B0D9DD54D1}.Debug|x64.Build.0 = Debug|x64
		{145B7ECE-D7C2-46B4-863C-56B0D9DD54D1}.Debug|x86.ActiveCfg = Debug|Win32
		{145B7ECE-D7C2-46B4-863C-56B0D9DD54D1}.Debug|x86.Build.0 = Debug|Win32
		{145B7ECE-D7C2-46B4-863C-56B0D9DD54D1}.Release|x64.ActiveCfg = Release|x64
		{145B7ECE-D7C2-46B4-863C-56B0D9DD54D1}.Release|x64.Build.0 = Release|x64
		{145B7ECE-D7C2-46B4-863C-56B0D9DD54D1}.Release|x86.ActiveCfg = Release|Win32
		{145B7ECE-D7C2-46B4-863C-56B0D9DD54D1}.Release|x86.Build.0 = Release|Win32
		{E0CF4CF8-A2DD-43E5-849E-A89ACCDBB8F0}.Debug|x64.ActiveCfg = Debug|x64
		{E0CF4CF8-A2DD-43E5-849E-A89ACCDBB8F0}.Debug|x64.Build.0 = Debug|x64
		{E0CF4CF8-A2DD-43E5-849E-A89ACCDBB8F0}.Debug|x86.ActiveCfg = Debug|Win32
		{E0CF4CF8-A2DD-43E5-849E-A89ACCDBB8F0}.Debug|x86.Build.0 = Debug|Win32
		{E0CF4CF8-A2DD-43E5-849E-A89ACCDBB8F0}.Release|x64.ActiveCfg = Release|x64
		{E0CF4CF8-A2DD-43E5-849E-A89ACCDBB8F0}.Release|x64.Build.0 = Release|x64
		{E0CF4CF8-A2DD-43E5-849E-A89ACCDBB8F0}.Release|x86.ActiveCfg = Release|Win32
		{E0CF4CF8-A2DD-43E5-849E-A89ACCDBB8F0}.Release|x86.Build.0 = Release|Win32
		{B362764C-664F-433B-8C43-595C3550EC1C}.Debug|x64.ActiveCfg = Debug|x64
		{B362764C-664F-433B-8C43-595C3550EC1C}.Debug|x64.Build.0 = Debug|x64
		{B362764C-664F-433B-8C43-595C3550EC1C}.Debug|x86.ActiveCfg = Debug|Win32
		{B362764C-664F-433B-8C43-595C3550EC1C}.Debug|x86.Build.0 = Debug|Win32
		{B362764C-664F-433B-8C43-595C3550EC1C}.Release|x64.ActiveCfg = Release|x64
		{B362764C-664F-433B-8C43-595C3550EC1C}.Release|x64.Build.0 = Release|x64
		{B362764C-664F-433B-8C43-595C3550EC1C}.Release|x86.ActiveCfg = Release|Win32
		{B362764C-664F-433B-8C43-595C3550EC1C}.Release|x86.Build.0 = Release|Win32
		{113C21B2-0538-4669-8360-5D7F12950C93}.Debug|x64.ActiveCfg = Debug|x64
		{113C21B2-0538-4669-8360-5D7F12950C93}.Debug|x64.Build.0 = Debug|x64
		{113C21B2-0538-4669-8360-5D7F12950C93}.Debug|x86.ActiveCfg = Debug|Win32
		{113C21B2-0538-4669-8360-5D7F12950C93}.Debug|x86.Build.0 = Debug|Win32
		{113C21B2-0538-4669-8360-5D7F12950C93}.Release|x64.ActiveCfg = Release|x64
		{113C21B2-0538-4669-8360-5D7F12950C93}.Release|x64.Build.0 = Release|x64
		{113C21B2-0538-4669-8360-5D7F12950C93}.Release|x86.ActiveCfg = Release|Win32
		{113C21B2-0538-4669-8360-5D7F12950C93}.Release|x86.Build.0 = Release|Win32
		{3BDA6312-FDD9-4414-9E0D-1D9FA7B2A0B4}.Debug|x64.ActiveCfg = Debug|x64
		{3BDA6312-FDD9-4414-9E0D-1D9FA7B2A0B4}.Debug|x64.Build.0 = Debug|x64
		{3BDA6312-FDD9-4414-9E0D-1D9FA7B2A0B4}.Debug|x86.ActiveCfg = Debug|Win32
		{3BDA6312-FDD9-4414-9E0D-1D9FA7B2A0B4}.Debug|x86.Build.0 = Debug|Win32
		{3BDA6312-FDD9-4414-9E0D-1D9FA7B2A0B4}.Release|x64.ActiveCfg = Release|x64
		{3BDA6312-FDD9-4414-9E0D-1D9FA7B2A0B4}.Release|x64.Build.0 = Release|x64
		{3BDA6312-FDD9-4414-9E0D-1D9FA7B2A0B4}.Release|x86.ActiveCfg = Release|Win32
		{3BDA6312-FDD9-4414-9E0D-1D9FA7B2A0B4}.Release|x86.Build.0 = Release|Win32
		{44E41459-441A-4E78-8947-60EE8F6C776B}.Debug|x64.ActiveCfg = Debug|x64
		{44E41459-441A-4E78-8947-60EE8F6C776B}.Debug|x64.Build.0 = Debug|x64
		{44E41459-441A-4E78-8947-60EE8F6C776B}.Debug|x86.ActiveCfg = Debug|Win32
		{44E41459-441A-4E78-8947-60EE8F6C776B}.Debug|x86.Build.0 = Debug|Win32
		{44E41459-441A-4E78-8947-60EE8F6C776B}.Release|x64.ActiveCfg = Release|x64
		{44E41459-441A-4E78-8947-60EE8F6C776B}.Release|x64.Build.0 = Release|x64
		{44E41459-441A-4E78-8947-60EE8F6C776B}.Release|x86.ActiveCfg = Release|Win32
		{44E41459-441A-4E78-8947-60EE8F6C776B}.Release|x86.Build.0 = Release|Win32
		{9379F33C-5105-4245-831C-80E9DF34CB2A}.Debug|x64.ActiveCfg = Debug|x64
		{9379F33C-5105-4245-831C-80E9DF34CB2A}.Debug|x64.Build.0 = Debug|x64
		{9379F33C-5105-4245-831C-80E9DF34CB2A}.Debug|x86.ActiveCfg = Debug|Win32
		{9379F33C-5105-4245-831C-80E9DF34CB2A}.Debug|x86.Build.0 = Debug|Win32
		{9379F33C-5105-4245-831C-80E9DF34CB2A}.Release|x64.ActiveCfg = Release|x64
		{9379F33C-5105-4245-831C-80E9DF34CB2A}.Release|x64.Build.0 = Release|x64
		{9379F33C-5105-4245-831C-80E9DF34CB2A}.Release|x86.ActiveCfg = Release|Win32
		{9379F33C-5105-4245-831C-80E9DF34CB2A}.Release|x86.Build.0 = Release|Win32
		{FA6669A2-E7EE-4A39-9018-4EF5F1B4A7CA}.Debug|x64.ActiveCfg = Debug|x64
		{FA6669A2-E7EE-4A39-9018-4EF5F1B4A7CA}.Debug|x64.Build.0 = Debug|x64
		{FA6669A2-E7EE-4A39-9018-4EF5F1B4A7CA}.Debug|x86.ActiveCfg = Debug|Win32
		{FA6669A2-E7EE-4A39-9018-4EF5F1B4A7CA}.Debug|x86.Build.0 = Debug|Win32
		{FA6669A2-E7EE-4A39-9018-4EF5F1B4A7CA}.Release|x64.ActiveCfg = Release|x64
		{FA6669A2-E7EE-4A39-9018-4EF5F1B4A7CA}.Release|x64.Build.0 = Release|x64
		{FA6669A2-E7EE-4A39-9018-4EF5F1B4A7CA}.Release|x86.ActiveCfg = Release|Win32
		{FA6669A2-E7EE-4A39-9018-4EF5F1B4A7CA}.Release|x86.Build.0 = Release|Win32
		{5197FEA6-45F0-4807-B73F-6EDDB60984BD}.Debug|x64.ActiveCfg = Debug|x64
		{5197FEA6-45F0-4807-B73F-6EDDB60984BD}.Debug|x64.Build.0 = Debug|x64
		{5197FEA6-45F0-4807-B73F-6EDDB60984BD}.Debug|x86.ActiveCfg = Debug|Win32
		{5197FEA6-45F0-4807-B73F-6EDDB60984BD}.Debug|x86.Build.0 = Debug|Win32
		{5197FEA6-45F0-4807-B73F-6EDDB60984BD}.Release|x64.ActiveCfg = Release|x64
		{5197FEA6-45F0-4807-B73F-6EDDB60984BD}.Release|x64.Build.0 = Release|x64
		{5197FEA6-45F0-4807-B73F-6EDDB60984BD}.Release|x86.ActiveCfg = Release|Win32
		{5197FEA6-45F0-4807-B73F-6EDDB60984BD}.Release|x86.Build.0 = Release|Win32
	EndGlobalSection
	GlobalSection(SolutionProperties) = preSolution
		HideSolutionNode = FALSE
	EndGlobalSection
	GlobalSection(ExtensibilityGlobals) = postSolution
		SolutionGuid = {499756D6-273F-41B4-AD4C-DE2F2755F28E}
	EndGlobalSection
EndGlobal
