
Microsoft Visual Studio Solution File, Format Version 12.00
# Visual Studio Version 17
VisualStudioVersion = 17.7.34024.191
MinimumVisualStudioVersion = 10.0.40219.1
Project("{8BC9CEB8-8B4A-11D0-8D11-00A0C91BC942}") = "Лаба 4", "Лаба 4.vcxproj", "{23623EB5-2FE4-44FA-9AB1-D6A6F4B7D78B}"
EndProject
Project("{8BC9CEB8-8B4A-11D0-8D11-00A0C91BC942}") = "1", "..\1\1.vcxproj", "{C106414D-2147-4945-9B4A-F2D2234EBBAC}"
EndProject
Project("{8BC9CEB8-8B4A-11D0-8D11-00A0C91BC942}") = "2", "..\2\2.vcxproj", "{820D8F1B-7743-4856-B071-7ED25F400F2F}"
EndProject
Project("{8BC9CEB8-8B4A-11D0-8D11-00A0C91BC942}") = "3!", "..\3!\3!.vcxproj", "{15DBC515-157E-4B31-B773-26F3417A3B1A}"
EndProject
Project("{8BC9CEB8-8B4A-11D0-8D11-00A0C91BC942}") = "9", "..\9\9.vcxproj", "{3EE7059D-24D8-4120-8C6F-8DEEA7FE17A2}"
EndProject
Project("{8BC9CEB8-8B4A-11D0-8D11-00A0C91BC942}") = "13", "..\13\13.vcxproj", "{33BEAD84-62CE-4478-9094-1DB7C83988C7}"
EndProject
Project("{8BC9CEB8-8B4A-11D0-8D11-00A0C91BC942}") = "11", "..\11\11.vcxproj", "{D7285C77-654B-4D19-B4A7-1725B5BC6C74}"
EndProject
Project("{8BC9CEB8-8B4A-11D0-8D11-00A0C91BC942}") = "10", "..\10\10.vcxproj", "{F5EAB58F-52EB-4CD1-A5F9-7C72D824CFF8}"
EndProject
Global
	GlobalSection(SolutionConfigurationPlatforms) = preSolution
		Debug|x64 = Debug|x64
		Debug|x86 = Debug|x86
		Release|x64 = Release|x64
		Release|x86 = Release|x86
	EndGlobalSection
	GlobalSection(ProjectConfigurationPlatforms) = postSolution
		{23623EB5-2FE4-44FA-9AB1-D6A6F4B7D78B}.Debug|x64.ActiveCfg = Debug|x64
		{23623EB5-2FE4-44FA-9AB1-D6A6F4B7D78B}.Debug|x64.Build.0 = Debug|x64
		{23623EB5-2FE4-44FA-9AB1-D6A6F4B7D78B}.Debug|x86.ActiveCfg = Debug|Win32
		{23623EB5-2FE4-44FA-9AB1-D6A6F4B7D78B}.Debug|x86.Build.0 = Debug|Win32
		{23623EB5-2FE4-44FA-9AB1-D6A6F4B7D78B}.Release|x64.ActiveCfg = Release|x64
		{23623EB5-2FE4-44FA-9AB1-D6A6F4B7D78B}.Release|x64.Build.0 = Release|x64
		{23623EB5-2FE4-44FA-9AB1-D6A6F4B7D78B}.Release|x86.ActiveCfg = Release|Win32
		{23623EB5-2FE4-44FA-9AB1-D6A6F4B7D78B}.Release|x86.Build.0 = Release|Win32
		{C106414D-2147-4945-9B4A-F2D2234EBBAC}.Debug|x64.ActiveCfg = Debug|x64
		{C106414D-2147-4945-9B4A-F2D2234EBBAC}.Debug|x64.Build.0 = Debug|x64
		{C106414D-2147-4945-9B4A-F2D2234EBBAC}.Debug|x86.ActiveCfg = Debug|Win32
		{C106414D-2147-4945-9B4A-F2D2234EBBAC}.Debug|x86.Build.0 = Debug|Win32
		{C106414D-2147-4945-9B4A-F2D2234EBBAC}.Release|x64.ActiveCfg = Release|x64
		{C106414D-2147-4945-9B4A-F2D2234EBBAC}.Release|x64.Build.0 = Release|x64
		{C106414D-2147-4945-9B4A-F2D2234EBBAC}.Release|x86.ActiveCfg = Release|Win32
		{C106414D-2147-4945-9B4A-F2D2234EBBAC}.Release|x86.Build.0 = Release|Win32
		{820D8F1B-7743-4856-B071-7ED25F400F2F}.Debug|x64.ActiveCfg = Debug|x64
		{820D8F1B-7743-4856-B071-7ED25F400F2F}.Debug|x64.Build.0 = Debug|x64
		{820D8F1B-7743-4856-B071-7ED25F400F2F}.Debug|x86.ActiveCfg = Debug|Win32
		{820D8F1B-7743-4856-B071-7ED25F400F2F}.Debug|x86.Build.0 = Debug|Win32
		{820D8F1B-7743-4856-B071-7ED25F400F2F}.Release|x64.ActiveCfg = Release|x64
		{820D8F1B-7743-4856-B071-7ED25F400F2F}.Release|x64.Build.0 = Release|x64
		{820D8F1B-7743-4856-B071-7ED25F400F2F}.Release|x86.ActiveCfg = Release|Win32
		{820D8F1B-7743-4856-B071-7ED25F400F2F}.Release|x86.Build.0 = Release|Win32
		{15DBC515-157E-4B31-B773-26F3417A3B1A}.Debug|x64.ActiveCfg = Debug|x64
		{15DBC515-157E-4B31-B773-26F3417A3B1A}.Debug|x64.Build.0 = Debug|x64
		{15DBC515-157E-4B31-B773-26F3417A3B1A}.Debug|x86.ActiveCfg = Debug|Win32
		{15DBC515-157E-4B31-B773-26F3417A3B1A}.Debug|x86.Build.0 = Debug|Win32
		{15DBC515-157E-4B31-B773-26F3417A3B1A}.Release|x64.ActiveCfg = Release|x64
		{15DBC515-157E-4B31-B773-26F3417A3B1A}.Release|x64.Build.0 = Release|x64
		{15DBC515-157E-4B31-B773-26F3417A3B1A}.Release|x86.ActiveCfg = Release|Win32
		{15DBC515-157E-4B31-B773-26F3417A3B1A}.Release|x86.Build.0 = Release|Win32
		{3EE7059D-24D8-4120-8C6F-8DEEA7FE17A2}.Debug|x64.ActiveCfg = Debug|x64
		{3EE7059D-24D8-4120-8C6F-8DEEA7FE17A2}.Debug|x64.Build.0 = Debug|x64
		{3EE7059D-24D8-4120-8C6F-8DEEA7FE17A2}.Debug|x86.ActiveCfg = Debug|Win32
		{3EE7059D-24D8-4120-8C6F-8DEEA7FE17A2}.Debug|x86.Build.0 = Debug|Win32
		{3EE7059D-24D8-4120-8C6F-8DEEA7FE17A2}.Release|x64.ActiveCfg = Release|x64
		{3EE7059D-24D8-4120-8C6F-8DEEA7FE17A2}.Release|x64.Build.0 = Release|x64
		{3EE7059D-24D8-4120-8C6F-8DEEA7FE17A2}.Release|x86.ActiveCfg = Release|Win32
		{3EE7059D-24D8-4120-8C6F-8DEEA7FE17A2}.Release|x86.Build.0 = Release|Win32
		{33BEAD84-62CE-4478-9094-1DB7C83988C7}.Debug|x64.ActiveCfg = Debug|x64
		{33BEAD84-62CE-4478-9094-1DB7C83988C7}.Debug|x64.Build.0 = Debug|x64
		{33BEAD84-62CE-4478-9094-1DB7C83988C7}.Debug|x86.ActiveCfg = Debug|Win32
		{33BEAD84-62CE-4478-9094-1DB7C83988C7}.Debug|x86.Build.0 = Debug|Win32
		{33BEAD84-62CE-4478-9094-1DB7C83988C7}.Release|x64.ActiveCfg = Release|x64
		{33BEAD84-62CE-4478-9094-1DB7C83988C7}.Release|x64.Build.0 = Release|x64
		{33BEAD84-62CE-4478-9094-1DB7C83988C7}.Release|x86.ActiveCfg = Release|Win32
		{33BEAD84-62CE-4478-9094-1DB7C83988C7}.Release|x86.Build.0 = Release|Win32
		{D7285C77-654B-4D19-B4A7-1725B5BC6C74}.Debug|x64.ActiveCfg = Debug|x64
		{D7285C77-654B-4D19-B4A7-1725B5BC6C74}.Debug|x64.Build.0 = Debug|x64
		{D7285C77-654B-4D19-B4A7-1725B5BC6C74}.Debug|x86.ActiveCfg = Debug|Win32
		{D7285C77-654B-4D19-B4A7-1725B5BC6C74}.Debug|x86.Build.0 = Debug|Win32
		{D7285C77-654B-4D19-B4A7-1725B5BC6C74}.Release|x64.ActiveCfg = Release|x64
		{D7285C77-654B-4D19-B4A7-1725B5BC6C74}.Release|x64.Build.0 = Release|x64
		{D7285C77-654B-4D19-B4A7-1725B5BC6C74}.Release|x86.ActiveCfg = Release|Win32
		{D7285C77-654B-4D19-B4A7-1725B5BC6C74}.Release|x86.Build.0 = Release|Win32
		{F5EAB58F-52EB-4CD1-A5F9-7C72D824CFF8}.Debug|x64.ActiveCfg = Debug|x64
		{F5EAB58F-52EB-4CD1-A5F9-7C72D824CFF8}.Debug|x64.Build.0 = Debug|x64
		{F5EAB58F-52EB-4CD1-A5F9-7C72D824CFF8}.Debug|x86.ActiveCfg = Debug|Win32
		{F5EAB58F-52EB-4CD1-A5F9-7C72D824CFF8}.Debug|x86.Build.0 = Debug|Win32
		{F5EAB58F-52EB-4CD1-A5F9-7C72D824CFF8}.Release|x64.ActiveCfg = Release|x64
		{F5EAB58F-52EB-4CD1-A5F9-7C72D824CFF8}.Release|x64.Build.0 = Release|x64
		{F5EAB58F-52EB-4CD1-A5F9-7C72D824CFF8}.Release|x86.ActiveCfg = Release|Win32
		{F5EAB58F-52EB-4CD1-A5F9-7C72D824CFF8}.Release|x86.Build.0 = Release|Win32
	EndGlobalSection
	GlobalSection(SolutionProperties) = preSolution
		HideSolutionNode = FALSE
	EndGlobalSection
	GlobalSection(ExtensibilityGlobals) = postSolution
		SolutionGuid = {12078D72-AD1A-474A-A8DE-DB35E18E748B}
	EndGlobalSection
EndGlobal
