
Microsoft Visual Studio Solution File, Format Version 12.00
# Visual Studio Version 17
VisualStudioVersion = 17.8.34525.116
MinimumVisualStudioVersion = 10.0.40219.1
Project("{9A19103F-16F7-4668-BE54-9A1E7A4F7556}") = "task_3", "task_3.csproj", "{79D17266-BF98-4791-A181-10839D1B521A}"
EndProject
Project("{FAE04EC0-301F-11D3-BF4B-00C04F79EFBC}") = "3_2_", "..\3_2_\3_2_.csproj", "{873BD4DF-F286-48F4-BC5C-A11B42C5532B}"
EndProject
Project("{FAE04EC0-301F-11D3-BF4B-00C04F79EFBC}") = "3_3_", "..\3_3_\3_3_.csproj", "{DAD10697-1229-4FF8-9195-33E7541E20BD}"
EndProject
Global
	GlobalSection(SolutionConfigurationPlatforms) = preSolution
		Debug|Any CPU = Debug|Any CPU
		Release|Any CPU = Release|Any CPU
	EndGlobalSection
	GlobalSection(ProjectConfigurationPlatforms) = postSolution
		{79D17266-BF98-4791-A181-10839D1B521A}.Debug|Any CPU.ActiveCfg = Debug|Any CPU
		{79D17266-BF98-4791-A181-10839D1B521A}.Debug|Any CPU.Build.0 = Debug|Any CPU
		{79D17266-BF98-4791-A181-10839D1B521A}.Release|Any CPU.ActiveCfg = Release|Any CPU
		{79D17266-BF98-4791-A181-10839D1B521A}.Release|Any CPU.Build.0 = Release|Any CPU
		{873BD4DF-F286-48F4-BC5C-A11B42C5532B}.Debug|Any CPU.ActiveCfg = Debug|Any CPU
		{873BD4DF-F286-48F4-BC5C-A11B42C5532B}.Debug|Any CPU.Build.0 = Debug|Any CPU
		{873BD4DF-F286-48F4-BC5C-A11B42C5532B}.Release|Any CPU.ActiveCfg = Release|Any CPU
		{873BD4DF-F286-48F4-BC5C-A11B42C5532B}.Release|Any CPU.Build.0 = Release|Any CPU
		{DAD10697-1229-4FF8-9195-33E7541E20BD}.Debug|Any CPU.ActiveCfg = Debug|Any CPU
		{DAD10697-1229-4FF8-9195-33E7541E20BD}.Debug|Any CPU.Build.0 = Debug|Any CPU
		{DAD10697-1229-4FF8-9195-33E7541E20BD}.Release|Any CPU.ActiveCfg = Release|Any CPU
		{DAD10697-1229-4FF8-9195-33E7541E20BD}.Release|Any CPU.Build.0 = Release|Any CPU
	EndGlobalSection
	GlobalSection(SolutionProperties) = preSolution
		HideSolutionNode = FALSE
	EndGlobalSection
	GlobalSection(ExtensibilityGlobals) = postSolution
		SolutionGuid = {DB10A23E-E7DA-49BF-87BC-8213ECBEE4DB}
	EndGlobalSection
EndGlobal
