
Microsoft Visual Studio Solution File, Format Version 12.00
# Visual Studio Version 17
VisualStudioVersion = 17.8.34525.116
MinimumVisualStudioVersion = 10.0.40219.1
Project("{FAE04EC0-301F-11D3-BF4B-00C04F79EFBC}") = "task_4", "task_4.csproj", "{B7B39D6A-1EC6-4E6B-87BF-DF8FE87E0BB4}"
EndProject
Global
	GlobalSection(SolutionConfigurationPlatforms) = preSolution
		Debug|Any CPU = Debug|Any CPU
		Release|Any CPU = Release|Any CPU
	EndGlobalSection
	GlobalSection(ProjectConfigurationPlatforms) = postSolution
		{B7B39D6A-1EC6-4E6B-87BF-DF8FE87E0BB4}.Debug|Any CPU.ActiveCfg = Debug|Any CPU
		{B7B39D6A-1EC6-4E6B-87BF-DF8FE87E0BB4}.Debug|Any CPU.Build.0 = Debug|Any CPU
		{B7B39D6A-1EC6-4E6B-87BF-DF8FE87E0BB4}.Release|Any CPU.ActiveCfg = Release|Any CPU
		{B7B39D6A-1EC6-4E6B-87BF-DF8FE87E0BB4}.Release|Any CPU.Build.0 = Release|Any CPU
	EndGlobalSection
	GlobalSection(SolutionProperties) = preSolution
		HideSolutionNode = FALSE
	EndGlobalSection
	GlobalSection(ExtensibilityGlobals) = postSolution
		SolutionGuid = {DE8F560F-AFE8-4E6E-8DE4-872C84132CFC}
	EndGlobalSection
EndGlobal
