
Microsoft Visual Studio Solution File, Format Version 12.00
# Visual Studio Version 17
VisualStudioVersion = 17.8.34525.116
MinimumVisualStudioVersion = 10.0.40219.1
Project("{9A19103F-16F7-4668-BE54-9A1E7A4F7556}") = "Task_4_1", "Task_4_1.csproj", "{803CCE22-65DA-4443-9248-1E2C7F312754}"
EndProject
Project("{2150E333-8FDC-42A3-9474-1A3956D46DE8}") = "Элементы решения", "Элементы решения", "{C6AF363D-950F-439D-865B-D1DAC0BF56F9}"
	ProjectSection(SolutionItems) = preProject
		Class1.cs = Class1.cs
		Class2.cs = Class2.cs
	EndProjectSection
EndProject
Global
	GlobalSection(SolutionConfigurationPlatforms) = preSolution
		Debug|Any CPU = Debug|Any CPU
		Release|Any CPU = Release|Any CPU
	EndGlobalSection
	GlobalSection(ProjectConfigurationPlatforms) = postSolution
		{803CCE22-65DA-4443-9248-1E2C7F312754}.Debug|Any CPU.ActiveCfg = Debug|Any CPU
		{803CCE22-65DA-4443-9248-1E2C7F312754}.Debug|Any CPU.Build.0 = Debug|Any CPU
		{803CCE22-65DA-4443-9248-1E2C7F312754}.Release|Any CPU.ActiveCfg = Release|Any CPU
		{803CCE22-65DA-4443-9248-1E2C7F312754}.Release|Any CPU.Build.0 = Release|Any CPU
	EndGlobalSection
	GlobalSection(SolutionProperties) = preSolution
		HideSolutionNode = FALSE
	EndGlobalSection
	GlobalSection(ExtensibilityGlobals) = postSolution
		SolutionGuid = {E5D74888-0F9E-4906-8498-624C7863D32B}
	EndGlobalSection
EndGlobal
